{
  "requires": true,
  "lockfileVersion": 1,
  "dependencies": {
    "JSLint-commonJS": {
      "version": "0.0.1",
      "resolved": "https://registry.npmjs.org/JSLint-commonJS/-/JSLint-commonJS-0.0.1.tgz",
      "integrity": "sha1-qwPlynJ0zwlOls+InxZoE3rBf9U="
    },
    "argparse": {
      "version": "1.0.10",
      "resolved": "https://registry.npmjs.org/argparse/-/argparse-1.0.10.tgz",
      "integrity": "sha512-o5Roy6tNG4SL/FOkCAN6RzjiakZS25RLYFrcMttJqbdd8BWrnA+fGz57iN5Pb06pvBGvl5gQ0B48dJlslXvoTg==",
      "requires": {
        "sprintf-js": "~1.0.2"
      }
    },
    "async": {
      "version": "3.2.0",
      "resolved": "https://registry.npmjs.org/async/-/async-3.2.0.tgz",
      "integrity": "sha512-TR2mEZFVOj2pLStYxLht7TyfuRzaydfpxr3k9RpHIzMgw7A64dzsdqCxH1WJyQdoe8T10nDXd9wnEigmiuHIZw=="
    },
    "commander": {
      "version": "2.9.0",
      "resolved": "https://registry.npmjs.org/commander/-/commander-2.9.0.tgz",
      "integrity": "sha1-nJkJQXbhIkDLItbFFGCYQA/g99Q=",
      "requires": {
        "graceful-readlink": ">= 1.0.0"
      }
    },
    "dox": {
      "version": "0.9.0",
      "resolved": "https://registry.npmjs.org/dox/-/dox-0.9.0.tgz",
      "integrity": "sha1-vpewhcufSgt+gINdVH53uGh9Cgw=",
      "requires": {
        "commander": "~2.9.0",
        "jsdoctypeparser": "^1.2.0",
        "markdown-it": "~7.0.0"
      }
    },
    "entities": {
      "version": "1.1.2",
      "resolved": "https://registry.npmjs.org/entities/-/entities-1.1.2.tgz",
      "integrity": "sha512-f2LZMYl1Fzu7YSBKg+RoROelpOaNrcGmE9AZubeDfrCEia483oW4MI4VyFd5VNHIgQ/7qm1I0wUHK1eJnn2y2w=="
    },
    "graceful-readlink": {
      "version": "1.0.1",
      "resolved": "https://registry.npmjs.org/graceful-readlink/-/graceful-readlink-1.0.1.tgz",
      "integrity": "sha1-TK+tdrxi8C+gObL5Tpo906ORpyU="
    },
    "jqtpl": {
      "version": "1.1.0",
      "resolved": "https://registry.npmjs.org/jqtpl/-/jqtpl-1.1.0.tgz",
      "integrity": "sha1-+5D6r7VB6BEZYModhqOqy9/3T34="
    },
    "jsdoctypeparser": {
      "version": "1.2.0",
      "resolved": "https://registry.npmjs.org/jsdoctypeparser/-/jsdoctypeparser-1.2.0.tgz",
      "integrity": "sha1-597cFToRhJ/8UUEUSuhqfvDCU5I=",
      "requires": {
        "lodash": "^3.7.0"
      }
    },
    "jsmin": {
      "version": "1.0.1",
      "resolved": "https://registry.npmjs.org/jsmin/-/jsmin-1.0.1.tgz",
      "integrity": "sha1-570NzWSWw79IYyNb9GGj2YqjuYw="
    },
    "linkify-it": {
      "version": "2.2.0",
      "resolved": "https://registry.npmjs.org/linkify-it/-/linkify-it-2.2.0.tgz",
      "integrity": "sha512-GnAl/knGn+i1U/wjBz3akz2stz+HrHLsxMwHQGofCDfPvlf+gDKN58UtfmUquTY4/MXeE2x7k19KQmeoZi94Iw==",
      "requires": {
        "uc.micro": "^1.0.1"
      }
    },
    "lodash": {
      "version": "3.10.1",
      "resolved": "https://registry.npmjs.org/lodash/-/lodash-3.10.1.tgz",
      "integrity": "sha1-W/Rejkm6QYnhfUgnid/RW9FAt7Y="
    },
    "markdown-it": {
      "version": "7.0.1",
      "resolved": "https://registry.npmjs.org/markdown-it/-/markdown-it-7.0.1.tgz",
      "integrity": "sha1-8S2LiKk+ZCVDSN/Rg71wv2BWekI=",
      "requires": {
        "argparse": "^1.0.7",
        "entities": "~1.1.1",
        "linkify-it": "^2.0.0",
        "mdurl": "^1.0.1",
        "uc.micro": "^1.0.1"
      }
    },
    "mdurl": {
      "version": "1.0.1",
      "resolved": "https://registry.npmjs.org/mdurl/-/mdurl-1.0.1.tgz",
      "integrity": "sha1-/oWy7HWlkDfyrf7BAP1sYBdhFS4="
    },
    "pillow": {
      "version": "0.0.9",
      "resolved": "https://registry.npmjs.org/pillow/-/pillow-0.0.9.tgz",
      "integrity": "sha1-PSXjEsCD5NlWPo70eNrf32MNS9U=",
      "requires": {
        "JSLint-commonJS": ">=0.0.1",
        "async": ">=0.1.18",
        "dox": ">=0.3.1",
        "jqtpl": ">=1.1.0",
        "jsmin": ">=1.0.1"
      }
    },
    "sprintf-js": {
      "version": "1.0.3",
      "resolved": "https://registry.npmjs.org/sprintf-js/-/sprintf-js-1.0.3.tgz",
      "integrity": "sha1-BOaSb2YolTVPPdAVIDYzuFcpfiw="
    },
    "uc.micro": {
      "version": "1.0.6",
      "resolved": "https://registry.npmjs.org/uc.micro/-/uc.micro-1.0.6.tgz",
      "integrity": "sha512-8Y75pvTYkLJW2hWQHXxoqRgV7qb9B+9vFEtidML+7koHUFapnVJAZ6cKs+Qjz5Aw3aZWHMC6u0wJE3At+nSGwA=="
    }
  }
}
